
Microsoft Visual Studio Solution File, Format Version 12.00
# Visual Studio Version 17
VisualStudioVersion = 17.5.002.0
MinimumVisualStudioVersion = 10.0.40219.1
Project("{9A19103F-16F7-4668-BE54-9A1E7A4F7556}") = "LMSAPI", "LMSAPI.csproj", "{F1146F02-207F-44F3-84F1-3FDFF653F124}"
EndProject
Global
	GlobalSection(SolutionConfigurationPlatforms) = preSolution
		Debug|Any CPU = Debug|Any CPU
		Release|Any CPU = Release|Any CPU
	EndGlobalSection
	GlobalSection(ProjectConfigurationPlatforms) = postSolution
		{F1146F02-207F-44F3-84F1-3FDFF653F124}.Debug|Any CPU.ActiveCfg = Debug|Any CPU
		{F1146F02-207F-44F3-84F1-3FDFF653F124}.Debug|Any CPU.Build.0 = Debug|Any CPU
		{F1146F02-207F-44F3-84F1-3FDFF653F124}.Release|Any CPU.ActiveCfg = Release|Any CPU
		{F1146F02-207F-44F3-84F1-3FDFF653F124}.Release|Any CPU.Build.0 = Release|Any CPU
	EndGlobalSection
	GlobalSection(SolutionProperties) = preSolution
		HideSolutionNode = FALSE
	EndGlobalSection
	GlobalSection(ExtensibilityGlobals) = postSolution
		SolutionGuid = {A462185D-D41C-4C89-B7D9-A6329BCFDAAE}
	EndGlobalSection
EndGlobal
